// !$*UTF8*$!
{
	archiveVersion = 1;
	classes = {
	};
	objectVersion = 45;
	objects = {

/* Begin PBXBuildFile section */
		DE6B3CF90F98F7EE00C17BCE /* cmdefs.h in Headers */ = {isa = PBXBuildFile; fileRef = DE6B3CC00F98F7EE00C17BCE /* cmdefs.h */; };
		DE6B3CFA0F98F7EE00C17BCE /* oopaccesstag.cpp in Sources */ = {isa = PBXBuildFile; fileRef = DE6B3CC10F98F7EE00C17BCE /* oopaccesstag.cpp */; };
		DE6B3CFB0F98F7EE00C17BCE /* oopaccesstag.h in Headers */ = {isa = PBXBuildFile; fileRef = DE6B3CC20F98F7EE00C17BCE /* oopaccesstag.h */; };
		DE6B3CFC0F98F7EE00C17BCE /* oopaccesstaglist.cpp in Sources */ = {isa = PBXBuildFile; fileRef = DE6B3CC30F98F7EE00C17BCE /* oopaccesstaglist.cpp */; };
		DE6B3CFD0F98F7EE00C17BCE /* oopaccesstaglist.h in Headers */ = {isa = PBXBuildFile; fileRef = DE6B3CC40F98F7EE00C17BCE /* oopaccesstaglist.h */; };
		DE6B3CFE0F98F7EE00C17BCE /* oopaccesstagmultiset.cpp in Sources */ = {isa = PBXBuildFile; fileRef = DE6B3CC50F98F7EE00C17BCE /* oopaccesstagmultiset.cpp */; };
		DE6B3CFF0F98F7EE00C17BCE /* oopaccesstagmultiset.h in Headers */ = {isa = PBXBuildFile; fileRef = DE6B3CC60F98F7EE00C17BCE /* oopaccesstagmultiset.h */; };
		DE6B3D000F98F7EE00C17BCE /* oopcommmanager.cpp in Sources */ = {isa = PBXBuildFile; fileRef = DE6B3CC70F98F7EE00C17BCE /* oopcommmanager.cpp */; };
		DE6B3D010F98F7EE00C17BCE /* oopcommmanager.h in Headers */ = {isa = PBXBuildFile; fileRef = DE6B3CC80F98F7EE00C17BCE /* oopcommmanager.h */; };
		DE6B3D020F98F7EE00C17BCE /* oopdatamanager.cpp in Sources */ = {isa = PBXBuildFile; fileRef = DE6B3CC90F98F7EE00C17BCE /* oopdatamanager.cpp */; };
		DE6B3D030F98F7EE00C17BCE /* oopdatamanager.h in Headers */ = {isa = PBXBuildFile; fileRef = DE6B3CCA0F98F7EE00C17BCE /* oopdatamanager.h */; };
		DE6B3D040F98F7EE00C17BCE /* oopdataversion.cpp in Sources */ = {isa = PBXBuildFile; fileRef = DE6B3CCB0F98F7EE00C17BCE /* oopdataversion.cpp */; };
		DE6B3D050F98F7EE00C17BCE /* oopdataversion.h in Headers */ = {isa = PBXBuildFile; fileRef = DE6B3CCC0F98F7EE00C17BCE /* oopdataversion.h */; };
		DE6B3D060F98F7EE00C17BCE /* oopdelobjecttask.cpp in Sources */ = {isa = PBXBuildFile; fileRef = DE6B3CCD0F98F7EE00C17BCE /* oopdelobjecttask.cpp */; };
		DE6B3D070F98F7EE00C17BCE /* oopdelobjecttask.h in Headers */ = {isa = PBXBuildFile; fileRef = DE6B3CCE0F98F7EE00C17BCE /* oopdelobjecttask.h */; };
		DE6B3D080F98F7EE00C17BCE /* oopdmlock.cpp in Sources */ = {isa = PBXBuildFile; fileRef = DE6B3CCF0F98F7EE00C17BCE /* oopdmlock.cpp */; };
		DE6B3D090F98F7EE00C17BCE /* oopdmlock.h in Headers */ = {isa = PBXBuildFile; fileRef = DE6B3CD00F98F7EE00C17BCE /* oopdmlock.h */; };
		DE6B3D0A0F98F7EE00C17BCE /* OOPDouble.cpp in Sources */ = {isa = PBXBuildFile; fileRef = DE6B3CD10F98F7EE00C17BCE /* OOPDouble.cpp */; };
		DE6B3D0B0F98F7EE00C17BCE /* OOPDouble.h in Headers */ = {isa = PBXBuildFile; fileRef = DE6B3CD20F98F7EE00C17BCE /* OOPDouble.h */; };
		DE6B3D0C0F98F7EE00C17BCE /* oopevtid.cpp in Sources */ = {isa = PBXBuildFile; fileRef = DE6B3CD30F98F7EE00C17BCE /* oopevtid.cpp */; };
		DE6B3D0D0F98F7EE00C17BCE /* oopevtid.h in Headers */ = {isa = PBXBuildFile; fileRef = DE6B3CD40F98F7EE00C17BCE /* oopevtid.h */; };
		DE6B3D0E0F98F7EE00C17BCE /* oopevtmanager.cpp in Sources */ = {isa = PBXBuildFile; fileRef = DE6B3CD50F98F7EE00C17BCE /* oopevtmanager.cpp */; };
		DE6B3D0F0F98F7EE00C17BCE /* oopevtmanager.h in Headers */ = {isa = PBXBuildFile; fileRef = DE6B3CD60F98F7EE00C17BCE /* oopevtmanager.h */; };
		DE6B3D100F98F7EE00C17BCE /* OOPInt.cpp in Sources */ = {isa = PBXBuildFile; fileRef = DE6B3CD70F98F7EE00C17BCE /* OOPInt.cpp */; };
		DE6B3D110F98F7EE00C17BCE /* OOPInt.h in Headers */ = {isa = PBXBuildFile; fileRef = DE6B3CD80F98F7EE00C17BCE /* OOPInt.h */; };
		DE6B3D120F98F7EE00C17BCE /* oopmetadata.cpp in Sources */ = {isa = PBXBuildFile; fileRef = DE6B3CD90F98F7EE00C17BCE /* oopmetadata.cpp */; };
		DE6B3D130F98F7EE00C17BCE /* oopmetadata.h in Headers */ = {isa = PBXBuildFile; fileRef = DE6B3CDA0F98F7EE00C17BCE /* oopmetadata.h */; };
		DE6B3D140F98F7EE00C17BCE /* oopmpicomm.cpp in Sources */ = {isa = PBXBuildFile; fileRef = DE6B3CDB0F98F7EE00C17BCE /* oopmpicomm.cpp */; };
		DE6B3D150F98F7EE00C17BCE /* oopmpicomm.h in Headers */ = {isa = PBXBuildFile; fileRef = DE6B3CDC0F98F7EE00C17BCE /* oopmpicomm.h */; };
		DE6B3D160F98F7EE00C17BCE /* oopmpistorage.cpp in Sources */ = {isa = PBXBuildFile; fileRef = DE6B3CDD0F98F7EE00C17BCE /* oopmpistorage.cpp */; };
		DE6B3D170F98F7EE00C17BCE /* oopmpistorage.h in Headers */ = {isa = PBXBuildFile; fileRef = DE6B3CDE0F98F7EE00C17BCE /* oopmpistorage.h */; };
		DE6B3D180F98F7EE00C17BCE /* oopobjectid.cpp in Sources */ = {isa = PBXBuildFile; fileRef = DE6B3CDF0F98F7EE00C17BCE /* oopobjectid.cpp */; };
		DE6B3D190F98F7EE00C17BCE /* oopobjectid.h in Headers */ = {isa = PBXBuildFile; fileRef = DE6B3CE00F98F7EE00C17BCE /* oopobjectid.h */; };
		DE6B3D1A0F98F7EE00C17BCE /* ooppardefs.cpp in Sources */ = {isa = PBXBuildFile; fileRef = DE6B3CE10F98F7EE00C17BCE /* ooppardefs.cpp */; };
		DE6B3D1B0F98F7EE00C17BCE /* ooppardefs.h in Headers */ = {isa = PBXBuildFile; fileRef = DE6B3CE20F98F7EE00C17BCE /* ooppardefs.h */; };
		DE6B3D1C0F98F7EE00C17BCE /* oopsnapshottask.cpp in Sources */ = {isa = PBXBuildFile; fileRef = DE6B3CE30F98F7EE00C17BCE /* oopsnapshottask.cpp */; };
		DE6B3D1D0F98F7EE00C17BCE /* oopsnapshottask.h in Headers */ = {isa = PBXBuildFile; fileRef = DE6B3CE40F98F7EE00C17BCE /* oopsnapshottask.h */; };
		DE6B3D1E0F98F7EE00C17BCE /* oopsocket.cpp in Sources */ = {isa = PBXBuildFile; fileRef = DE6B3CE50F98F7EE00C17BCE /* oopsocket.cpp */; };
		DE6B3D1F0F98F7EE00C17BCE /* oopsocket.h in Headers */ = {isa = PBXBuildFile; fileRef = DE6B3CE60F98F7EE00C17BCE /* oopsocket.h */; };
		DE6B3D200F98F7EE00C17BCE /* oopsocketcommmanager.cpp in Sources */ = {isa = PBXBuildFile; fileRef = DE6B3CE70F98F7EE00C17BCE /* oopsocketcommmanager.cpp */; };
		DE6B3D210F98F7EE00C17BCE /* oopsocketcommmanager.h in Headers */ = {isa = PBXBuildFile; fileRef = DE6B3CE80F98F7EE00C17BCE /* oopsocketcommmanager.h */; };
		DE6B3D220F98F7EE00C17BCE /* oopsocketstorage.cpp in Sources */ = {isa = PBXBuildFile; fileRef = DE6B3CE90F98F7EE00C17BCE /* oopsocketstorage.cpp */; };
		DE6B3D230F98F7EE00C17BCE /* oopsocketstorage.h in Headers */ = {isa = PBXBuildFile; fileRef = DE6B3CEA0F98F7EE00C17BCE /* oopsocketstorage.h */; };
		DE6B3D240F98F7EE00C17BCE /* oopstorage.cpp in Sources */ = {isa = PBXBuildFile; fileRef = DE6B3CEB0F98F7EE00C17BCE /* oopstorage.cpp */; };
		DE6B3D250F98F7EE00C17BCE /* oopstorage.h in Headers */ = {isa = PBXBuildFile; fileRef = DE6B3CEC0F98F7EE00C17BCE /* oopstorage.h */; };
		DE6B3D260F98F7EE00C17BCE /* ooptask.cpp in Sources */ = {isa = PBXBuildFile; fileRef = DE6B3CED0F98F7EE00C17BCE /* ooptask.cpp */; };
		DE6B3D270F98F7EE00C17BCE /* ooptask.h in Headers */ = {isa = PBXBuildFile; fileRef = DE6B3CEE0F98F7EE00C17BCE /* ooptask.h */; };
		DE6B3D280F98F7EE00C17BCE /* ooptaskcontrol.cpp in Sources */ = {isa = PBXBuildFile; fileRef = DE6B3CEF0F98F7EE00C17BCE /* ooptaskcontrol.cpp */; };
		DE6B3D290F98F7EE00C17BCE /* ooptaskcontrol.h in Headers */ = {isa = PBXBuildFile; fileRef = DE6B3CF00F98F7EE00C17BCE /* ooptaskcontrol.h */; };
		DE6B3D2A0F98F7EE00C17BCE /* ooptaskmanager.cpp in Sources */ = {isa = PBXBuildFile; fileRef = DE6B3CF10F98F7EE00C17BCE /* ooptaskmanager.cpp */; };
		DE6B3D2B0F98F7EE00C17BCE /* ooptaskmanager.h in Headers */ = {isa = PBXBuildFile; fileRef = DE6B3CF20F98F7EE00C17BCE /* ooptaskmanager.h */; };
		DE6B3D2C0F98F7EE00C17BCE /* ooptmlock.cpp in Sources */ = {isa = PBXBuildFile; fileRef = DE6B3CF30F98F7EE00C17BCE /* ooptmlock.cpp */; };
		DE6B3D2D0F98F7EE00C17BCE /* ooptmlock.h in Headers */ = {isa = PBXBuildFile; fileRef = DE6B3CF40F98F7EE00C17BCE /* ooptmlock.h */; };
		DE6B3D2E0F98F7EE00C17BCE /* OOPVector.cpp in Sources */ = {isa = PBXBuildFile; fileRef = DE6B3CF50F98F7EE00C17BCE /* OOPVector.cpp */; };
		DE6B3D2F0F98F7EE00C17BCE /* OOPVector.h in Headers */ = {isa = PBXBuildFile; fileRef = DE6B3CF60F98F7EE00C17BCE /* OOPVector.h */; };
		DE6B3D300F98F7EE00C17BCE /* oopwaittask.cpp in Sources */ = {isa = PBXBuildFile; fileRef = DE6B3CF70F98F7EE00C17BCE /* oopwaittask.cpp */; };
		DE6B3D310F98F7EE00C17BCE /* oopwaittask.h in Headers */ = {isa = PBXBuildFile; fileRef = DE6B3CF80F98F7EE00C17BCE /* oopwaittask.h */; };
/* End PBXBuildFile section */

/* Begin PBXFileReference section */
		D2AAC046055464E500DB518D /* libOOParXProject.a */ = {isa = PBXFileReference; explicitFileType = archive.ar; includeInIndex = 0; path = libOOParXProject.a; sourceTree = BUILT_PRODUCTS_DIR; };
		DE6B3CC00F98F7EE00C17BCE /* cmdefs.h */ = {isa = PBXFileReference; fileEncoding = 4; lastKnownFileType = sourcecode.c.h; name = cmdefs.h; path = ../Sources/cmdefs.h; sourceTree = SOURCE_ROOT; };
		DE6B3CC10F98F7EE00C17BCE /* oopaccesstag.cpp */ = {isa = PBXFileReference; fileEncoding = 4; lastKnownFileType = sourcecode.cpp.cpp; name = oopaccesstag.cpp; path = ../Sources/oopaccesstag.cpp; sourceTree = SOURCE_ROOT; };
		DE6B3CC20F98F7EE00C17BCE /* oopaccesstag.h */ = {isa = PBXFileReference; fileEncoding = 4; lastKnownFileType = sourcecode.c.h; name = oopaccesstag.h; path = ../Sources/oopaccesstag.h; sourceTree = SOURCE_ROOT; };
		DE6B3CC30F98F7EE00C17BCE /* oopaccesstaglist.cpp */ = {isa = PBXFileReference; fileEncoding = 4; lastKnownFileType = sourcecode.cpp.cpp; name = oopaccesstaglist.cpp; path = ../Sources/oopaccesstaglist.cpp; sourceTree = SOURCE_ROOT; };
		DE6B3CC40F98F7EE00C17BCE /* oopaccesstaglist.h */ = {isa = PBXFileReference; fileEncoding = 4; lastKnownFileType = sourcecode.c.h; name = oopaccesstaglist.h; path = ../Sources/oopaccesstaglist.h; sourceTree = SOURCE_ROOT; };
		DE6B3CC50F98F7EE00C17BCE /* oopaccesstagmultiset.cpp */ = {isa = PBXFileReference; fileEncoding = 4; lastKnownFileType = sourcecode.cpp.cpp; name = oopaccesstagmultiset.cpp; path = ../Sources/oopaccesstagmultiset.cpp; sourceTree = SOURCE_ROOT; };
		DE6B3CC60F98F7EE00C17BCE /* oopaccesstagmultiset.h */ = {isa = PBXFileReference; fileEncoding = 4; lastKnownFileType = sourcecode.c.h; name = oopaccesstagmultiset.h; path = ../Sources/oopaccesstagmultiset.h; sourceTree = SOURCE_ROOT; };
		DE6B3CC70F98F7EE00C17BCE /* oopcommmanager.cpp */ = {isa = PBXFileReference; fileEncoding = 4; lastKnownFileType = sourcecode.cpp.cpp; name = oopcommmanager.cpp; path = ../Sources/oopcommmanager.cpp; sourceTree = SOURCE_ROOT; };
		DE6B3CC80F98F7EE00C17BCE /* oopcommmanager.h */ = {isa = PBXFileReference; fileEncoding = 4; lastKnownFileType = sourcecode.c.h; name = oopcommmanager.h; path = ../Sources/oopcommmanager.h; sourceTree = SOURCE_ROOT; };
		DE6B3CC90F98F7EE00C17BCE /* oopdatamanager.cpp */ = {isa = PBXFileReference; fileEncoding = 4; lastKnownFileType = sourcecode.cpp.cpp; name = oopdatamanager.cpp; path = ../Sources/oopdatamanager.cpp; sourceTree = SOURCE_ROOT; };
		DE6B3CCA0F98F7EE00C17BCE /* oopdatamanager.h */ = {isa = PBXFileReference; fileEncoding = 4; lastKnownFileType = sourcecode.c.h; name = oopdatamanager.h; path = ../Sources/oopdatamanager.h; sourceTree = SOURCE_ROOT; };
		DE6B3CCB0F98F7EE00C17BCE /* oopdataversion.cpp */ = {isa = PBXFileReference; fileEncoding = 4; lastKnownFileType = sourcecode.cpp.cpp; name = oopdataversion.cpp; path = ../Sources/oopdataversion.cpp; sourceTree = SOURCE_ROOT; };
		DE6B3CCC0F98F7EE00C17BCE /* oopdataversion.h */ = {isa = PBXFileReference; fileEncoding = 4; lastKnownFileType = sourcecode.c.h; name = oopdataversion.h; path = ../Sources/oopdataversion.h; sourceTree = SOURCE_ROOT; };
		DE6B3CCD0F98F7EE00C17BCE /* oopdelobjecttask.cpp */ = {isa = PBXFileReference; fileEncoding = 4; lastKnownFileType = sourcecode.cpp.cpp; name = oopdelobjecttask.cpp; path = ../Sources/oopdelobjecttask.cpp; sourceTree = SOURCE_ROOT; };
		DE6B3CCE0F98F7EE00C17BCE /* oopdelobjecttask.h */ = {isa = PBXFileReference; fileEncoding = 4; lastKnownFileType = sourcecode.c.h; name = oopdelobjecttask.h; path = ../Sources/oopdelobjecttask.h; sourceTree = SOURCE_ROOT; };
		DE6B3CCF0F98F7EE00C17BCE /* oopdmlock.cpp */ = {isa = PBXFileReference; fileEncoding = 4; lastKnownFileType = sourcecode.cpp.cpp; name = oopdmlock.cpp; path = ../Sources/oopdmlock.cpp; sourceTree = SOURCE_ROOT; };
		DE6B3CD00F98F7EE00C17BCE /* oopdmlock.h */ = {isa = PBXFileReference; fileEncoding = 4; lastKnownFileType = sourcecode.c.h; name = oopdmlock.h; path = ../Sources/oopdmlock.h; sourceTree = SOURCE_ROOT; };
		DE6B3CD10F98F7EE00C17BCE /* OOPDouble.cpp */ = {isa = PBXFileReference; fileEncoding = 4; lastKnownFileType = sourcecode.cpp.cpp; name = OOPDouble.cpp; path = ../Sources/OOPDouble.cpp; sourceTree = SOURCE_ROOT; };
		DE6B3CD20F98F7EE00C17BCE /* OOPDouble.h */ = {isa = PBXFileReference; fileEncoding = 4; lastKnownFileType = sourcecode.c.h; name = OOPDouble.h; path = ../Sources/OOPDouble.h; sourceTree = SOURCE_ROOT; };
		DE6B3CD30F98F7EE00C17BCE /* oopevtid.cpp */ = {isa = PBXFileReference; fileEncoding = 4; lastKnownFileType = sourcecode.cpp.cpp; name = oopevtid.cpp; path = ../Sources/oopevtid.cpp; sourceTree = SOURCE_ROOT; };
		DE6B3CD40F98F7EE00C17BCE /* oopevtid.h */ = {isa = PBXFileReference; fileEncoding = 4; lastKnownFileType = sourcecode.c.h; name = oopevtid.h; path = ../Sources/oopevtid.h; sourceTree = SOURCE_ROOT; };
		DE6B3CD50F98F7EE00C17BCE /* oopevtmanager.cpp */ = {isa = PBXFileReference; fileEncoding = 4; lastKnownFileType = sourcecode.cpp.cpp; name = oopevtmanager.cpp; path = ../Sources/oopevtmanager.cpp; sourceTree = SOURCE_ROOT; };
		DE6B3CD60F98F7EE00C17BCE /* oopevtmanager.h */ = {isa = PBXFileReference; fileEncoding = 4; lastKnownFileType = sourcecode.c.h; name = oopevtmanager.h; path = ../Sources/oopevtmanager.h; sourceTree = SOURCE_ROOT; };
		DE6B3CD70F98F7EE00C17BCE /* OOPInt.cpp */ = {isa = PBXFileReference; fileEncoding = 4; lastKnownFileType = sourcecode.cpp.cpp; name = OOPInt.cpp; path = ../Sources/OOPInt.cpp; sourceTree = SOURCE_ROOT; };
		DE6B3CD80F98F7EE00C17BCE /* OOPInt.h */ = {isa = PBXFileReference; fileEncoding = 4; lastKnownFileType = sourcecode.c.h; name = OOPInt.h; path = ../Sources/OOPInt.h; sourceTree = SOURCE_ROOT; };
		DE6B3CD90F98F7EE00C17BCE /* oopmetadata.cpp */ = {isa = PBXFileReference; fileEncoding = 4; lastKnownFileType = sourcecode.cpp.cpp; name = oopmetadata.cpp; path = ../Sources/oopmetadata.cpp; sourceTree = SOURCE_ROOT; };
		DE6B3CDA0F98F7EE00C17BCE /* oopmetadata.h */ = {isa = PBXFileReference; fileEncoding = 4; lastKnownFileType = sourcecode.c.h; name = oopmetadata.h; path = ../Sources/oopmetadata.h; sourceTree = SOURCE_ROOT; };
		DE6B3CDB0F98F7EE00C17BCE /* oopmpicomm.cpp */ = {isa = PBXFileReference; fileEncoding = 4; lastKnownFileType = sourcecode.cpp.cpp; name = oopmpicomm.cpp; path = ../Sources/oopmpicomm.cpp; sourceTree = SOURCE_ROOT; };
		DE6B3CDC0F98F7EE00C17BCE /* oopmpicomm.h */ = {isa = PBXFileReference; fileEncoding = 4; lastKnownFileType = sourcecode.c.h; name = oopmpicomm.h; path = ../Sources/oopmpicomm.h; sourceTree = SOURCE_ROOT; };
		DE6B3CDD0F98F7EE00C17BCE /* oopmpistorage.cpp */ = {isa = PBXFileReference; fileEncoding = 4; lastKnownFileType = sourcecode.cpp.cpp; name = oopmpistorage.cpp; path = ../Sources/oopmpistorage.cpp; sourceTree = SOURCE_ROOT; };
		DE6B3CDE0F98F7EE00C17BCE /* oopmpistorage.h */ = {isa = PBXFileReference; fileEncoding = 4; lastKnownFileType = sourcecode.c.h; name = oopmpistorage.h; path = ../Sources/oopmpistorage.h; sourceTree = SOURCE_ROOT; };
		DE6B3CDF0F98F7EE00C17BCE /* oopobjectid.cpp */ = {isa = PBXFileReference; fileEncoding = 4; lastKnownFileType = sourcecode.cpp.cpp; name = oopobjectid.cpp; path = ../Sources/oopobjectid.cpp; sourceTree = SOURCE_ROOT; };
		DE6B3CE00F98F7EE00C17BCE /* oopobjectid.h */ = {isa = PBXFileReference; fileEncoding = 4; lastKnownFileType = sourcecode.c.h; name = oopobjectid.h; path = ../Sources/oopobjectid.h; sourceTree = SOURCE_ROOT; };
		DE6B3CE10F98F7EE00C17BCE /* ooppardefs.cpp */ = {isa = PBXFileReference; fileEncoding = 4; lastKnownFileType = sourcecode.cpp.cpp; name = ooppardefs.cpp; path = ../Sources/ooppardefs.cpp; sourceTree = SOURCE_ROOT; };
		DE6B3CE20F98F7EE00C17BCE /* ooppardefs.h */ = {isa = PBXFileReference; fileEncoding = 4; lastKnownFileType = sourcecode.c.h; name = ooppardefs.h; path = ../Sources/ooppardefs.h; sourceTree = SOURCE_ROOT; };
		DE6B3CE30F98F7EE00C17BCE /* oopsnapshottask.cpp */ = {isa = PBXFileReference; fileEncoding = 4; lastKnownFileType = sourcecode.cpp.cpp; name = oopsnapshottask.cpp; path = ../Sources/oopsnapshottask.cpp; sourceTree = SOURCE_ROOT; };
		DE6B3CE40F98F7EE00C17BCE /* oopsnapshottask.h */ = {isa = PBXFileReference; fileEncoding = 4; lastKnownFileType = sourcecode.c.h; name = oopsnapshottask.h; path = ../Sources/oopsnapshottask.h; sourceTree = SOURCE_ROOT; };
		DE6B3CE50F98F7EE00C17BCE /* oopsocket.cpp */ = {isa = PBXFileReference; fileEncoding = 4; lastKnownFileType = sourcecode.cpp.cpp; name = oopsocket.cpp; path = ../Sources/oopsocket.cpp; sourceTree = SOURCE_ROOT; };
		DE6B3CE60F98F7EE00C17BCE /* oopsocket.h */ = {isa = PBXFileReference; fileEncoding = 4; lastKnownFileType = sourcecode.c.h; name = oopsocket.h; path = ../Sources/oopsocket.h; sourceTree = SOURCE_ROOT; };
		DE6B3CE70F98F7EE00C17BCE /* oopsocketcommmanager.cpp */ = {isa = PBXFileReference; fileEncoding = 4; lastKnownFileType = sourcecode.cpp.cpp; name = oopsocketcommmanager.cpp; path = ../Sources/oopsocketcommmanager.cpp; sourceTree = SOURCE_ROOT; };
		DE6B3CE80F98F7EE00C17BCE /* oopsocketcommmanager.h */ = {isa = PBXFileReference; fileEncoding = 4; lastKnownFileType = sourcecode.c.h; name = oopsocketcommmanager.h; path = ../Sources/oopsocketcommmanager.h; sourceTree = SOURCE_ROOT; };
		DE6B3CE90F98F7EE00C17BCE /* oopsocketstorage.cpp */ = {isa = PBXFileReference; fileEncoding = 4; lastKnownFileType = sourcecode.cpp.cpp; name = oopsocketstorage.cpp; path = ../Sources/oopsocketstorage.cpp; sourceTree = SOURCE_ROOT; };
		DE6B3CEA0F98F7EE00C17BCE /* oopsocketstorage.h */ = {isa = PBXFileReference; fileEncoding = 4; lastKnownFileType = sourcecode.c.h; name = oopsocketstorage.h; path = ../Sources/oopsocketstorage.h; sourceTree = SOURCE_ROOT; };
		DE6B3CEB0F98F7EE00C17BCE /* oopstorage.cpp */ = {isa = PBXFileReference; fileEncoding = 4; lastKnownFileType = sourcecode.cpp.cpp; name = oopstorage.cpp; path = ../Sources/oopstorage.cpp; sourceTree = SOURCE_ROOT; };
		DE6B3CEC0F98F7EE00C17BCE /* oopstorage.h */ = {isa = PBXFileReference; fileEncoding = 4; lastKnownFileType = sourcecode.c.h; name = oopstorage.h; path = ../Sources/oopstorage.h; sourceTree = SOURCE_ROOT; };
		DE6B3CED0F98F7EE00C17BCE /* ooptask.cpp */ = {isa = PBXFileReference; fileEncoding = 4; lastKnownFileType = sourcecode.cpp.cpp; name = ooptask.cpp; path = ../Sources/ooptask.cpp; sourceTree = SOURCE_ROOT; };
		DE6B3CEE0F98F7EE00C17BCE /* ooptask.h */ = {isa = PBXFileReference; fileEncoding = 4; lastKnownFileType = sourcecode.c.h; name = ooptask.h; path = ../Sources/ooptask.h; sourceTree = SOURCE_ROOT; };
		DE6B3CEF0F98F7EE00C17BCE /* ooptaskcontrol.cpp */ = {isa = PBXFileReference; fileEncoding = 4; lastKnownFileType = sourcecode.cpp.cpp; name = ooptaskcontrol.cpp; path = ../Sources/ooptaskcontrol.cpp; sourceTree = SOURCE_ROOT; };
		DE6B3CF00F98F7EE00C17BCE /* ooptaskcontrol.h */ = {isa = PBXFileReference; fileEncoding = 4; lastKnownFileType = sourcecode.c.h; name = ooptaskcontrol.h; path = ../Sources/ooptaskcontrol.h; sourceTree = SOURCE_ROOT; };
		DE6B3CF10F98F7EE00C17BCE /* ooptaskmanager.cpp */ = {isa = PBXFileReference; fileEncoding = 4; lastKnownFileType = sourcecode.cpp.cpp; name = ooptaskmanager.cpp; path = ../Sources/ooptaskmanager.cpp; sourceTree = SOURCE_ROOT; };
		DE6B3CF20F98F7EE00C17BCE /* ooptaskmanager.h */ = {isa = PBXFileReference; fileEncoding = 4; lastKnownFileType = sourcecode.c.h; name = ooptaskmanager.h; path = ../Sources/ooptaskmanager.h; sourceTree = SOURCE_ROOT; };
		DE6B3CF30F98F7EE00C17BCE /* ooptmlock.cpp */ = {isa = PBXFileReference; fileEncoding = 4; lastKnownFileType = sourcecode.cpp.cpp; name = ooptmlock.cpp; path = ../Sources/ooptmlock.cpp; sourceTree = SOURCE_ROOT; };
		DE6B3CF40F98F7EE00C17BCE /* ooptmlock.h */ = {isa = PBXFileReference; fileEncoding = 4; lastKnownFileType = sourcecode.c.h; name = ooptmlock.h; path = ../Sources/ooptmlock.h; sourceTree = SOURCE_ROOT; };
		DE6B3CF50F98F7EE00C17BCE /* OOPVector.cpp */ = {isa = PBXFileReference; fileEncoding = 4; lastKnownFileType = sourcecode.cpp.cpp; name = OOPVector.cpp; path = ../Sources/OOPVector.cpp; sourceTree = SOURCE_ROOT; };
		DE6B3CF60F98F7EE00C17BCE /* OOPVector.h */ = {isa = PBXFileReference; fileEncoding = 4; lastKnownFileType = sourcecode.c.h; name = OOPVector.h; path = ../Sources/OOPVector.h; sourceTree = SOURCE_ROOT; };
		DE6B3CF70F98F7EE00C17BCE /* oopwaittask.cpp */ = {isa = PBXFileReference; fileEncoding = 4; lastKnownFileType = sourcecode.cpp.cpp; name = oopwaittask.cpp; path = ../Sources/oopwaittask.cpp; sourceTree = SOURCE_ROOT; };
		DE6B3CF80F98F7EE00C17BCE /* oopwaittask.h */ = {isa = PBXFileReference; fileEncoding = 4; lastKnownFileType = sourcecode.c.h; name = oopwaittask.h; path = ../Sources/oopwaittask.h; sourceTree = SOURCE_ROOT; };
/* End PBXFileReference section */

/* Begin PBXFrameworksBuildPhase section */
		D289987405E68DCB004EDB86 /* Frameworks */ = {
			isa = PBXFrameworksBuildPhase;
			buildActionMask = 2147483647;
			files = (
			);
			runOnlyForDeploymentPostprocessing = 0;
		};
/* End PBXFrameworksBuildPhase section */

/* Begin PBXGroup section */
		08FB7794FE84155DC02AAC07 /* OOParXProject */ = {
			isa = PBXGroup;
			children = (
				08FB7795FE84155DC02AAC07 /* Source */,
				C6A0FF2B0290797F04C91782 /* Documentation */,
				1AB674ADFE9D54B511CA2CBB /* Products */,
			);
			name = OOParXProject;
			sourceTree = "<group>";
		};
		08FB7795FE84155DC02AAC07 /* Source */ = {
			isa = PBXGroup;
			children = (
				DE6B3CC00F98F7EE00C17BCE /* cmdefs.h */,
				DE6B3CC10F98F7EE00C17BCE /* oopaccesstag.cpp */,
				DE6B3CC20F98F7EE00C17BCE /* oopaccesstag.h */,
				DE6B3CC30F98F7EE00C17BCE /* oopaccesstaglist.cpp */,
				DE6B3CC40F98F7EE00C17BCE /* oopaccesstaglist.h */,
				DE6B3CC50F98F7EE00C17BCE /* oopaccesstagmultiset.cpp */,
				DE6B3CC60F98F7EE00C17BCE /* oopaccesstagmultiset.h */,
				DE6B3CC70F98F7EE00C17BCE /* oopcommmanager.cpp */,
				DE6B3CC80F98F7EE00C17BCE /* oopcommmanager.h */,
				DE6B3CC90F98F7EE00C17BCE /* oopdatamanager.cpp */,
				DE6B3CCA0F98F7EE00C17BCE /* oopdatamanager.h */,
				DE6B3CCB0F98F7EE00C17BCE /* oopdataversion.cpp */,
				DE6B3CCC0F98F7EE00C17BCE /* oopdataversion.h */,
				DE6B3CCD0F98F7EE00C17BCE /* oopdelobjecttask.cpp */,
				DE6B3CCE0F98F7EE00C17BCE /* oopdelobjecttask.h */,
				DE6B3CCF0F98F7EE00C17BCE /* oopdmlock.cpp */,
				DE6B3CD00F98F7EE00C17BCE /* oopdmlock.h */,
				DE6B3CD10F98F7EE00C17BCE /* OOPDouble.cpp */,
				DE6B3CD20F98F7EE00C17BCE /* OOPDouble.h */,
				DE6B3CD30F98F7EE00C17BCE /* oopevtid.cpp */,
				DE6B3CD40F98F7EE00C17BCE /* oopevtid.h */,
				DE6B3CD50F98F7EE00C17BCE /* oopevtmanager.cpp */,
				DE6B3CD60F98F7EE00C17BCE /* oopevtmanager.h */,
				DE6B3CD70F98F7EE00C17BCE /* OOPInt.cpp */,
				DE6B3CD80F98F7EE00C17BCE /* OOPInt.h */,
				DE6B3CD90F98F7EE00C17BCE /* oopmetadata.cpp */,
				DE6B3CDA0F98F7EE00C17BCE /* oopmetadata.h */,
				DE6B3CDB0F98F7EE00C17BCE /* oopmpicomm.cpp */,
				DE6B3CDC0F98F7EE00C17BCE /* oopmpicomm.h */,
				DE6B3CDD0F98F7EE00C17BCE /* oopmpistorage.cpp */,
				DE6B3CDE0F98F7EE00C17BCE /* oopmpistorage.h */,
				DE6B3CDF0F98F7EE00C17BCE /* oopobjectid.cpp */,
				DE6B3CE00F98F7EE00C17BCE /* oopobjectid.h */,
				DE6B3CE10F98F7EE00C17BCE /* ooppardefs.cpp */,
				DE6B3CE20F98F7EE00C17BCE /* ooppardefs.h */,
				DE6B3CE30F98F7EE00C17BCE /* oopsnapshottask.cpp */,
				DE6B3CE40F98F7EE00C17BCE /* oopsnapshottask.h */,
				DE6B3CE50F98F7EE00C17BCE /* oopsocket.cpp */,
				DE6B3CE60F98F7EE00C17BCE /* oopsocket.h */,
				DE6B3CE70F98F7EE00C17BCE /* oopsocketcommmanager.cpp */,
				DE6B3CE80F98F7EE00C17BCE /* oopsocketcommmanager.h */,
				DE6B3CE90F98F7EE00C17BCE /* oopsocketstorage.cpp */,
				DE6B3CEA0F98F7EE00C17BCE /* oopsocketstorage.h */,
				DE6B3CEB0F98F7EE00C17BCE /* oopstorage.cpp */,
				DE6B3CEC0F98F7EE00C17BCE /* oopstorage.h */,
				DE6B3CED0F98F7EE00C17BCE /* ooptask.cpp */,
				DE6B3CEE0F98F7EE00C17BCE /* ooptask.h */,
				DE6B3CEF0F98F7EE00C17BCE /* ooptaskcontrol.cpp */,
				DE6B3CF00F98F7EE00C17BCE /* ooptaskcontrol.h */,
				DE6B3CF10F98F7EE00C17BCE /* ooptaskmanager.cpp */,
				DE6B3CF20F98F7EE00C17BCE /* ooptaskmanager.h */,
				DE6B3CF30F98F7EE00C17BCE /* ooptmlock.cpp */,
				DE6B3CF40F98F7EE00C17BCE /* ooptmlock.h */,
				DE6B3CF50F98F7EE00C17BCE /* OOPVector.cpp */,
				DE6B3CF60F98F7EE00C17BCE /* OOPVector.h */,
				DE6B3CF70F98F7EE00C17BCE /* oopwaittask.cpp */,
				DE6B3CF80F98F7EE00C17BCE /* oopwaittask.h */,
			);
			name = Source;
			sourceTree = "<group>";
		};
		1AB674ADFE9D54B511CA2CBB /* Products */ = {
			isa = PBXGroup;
			children = (
				D2AAC046055464E500DB518D /* libOOParXProject.a */,
			);
			name = Products;
			sourceTree = "<group>";
		};
		C6A0FF2B0290797F04C91782 /* Documentation */ = {
			isa = PBXGroup;
			children = (
			);
			name = Documentation;
			sourceTree = "<group>";
		};
/* End PBXGroup section */

/* Begin PBXHeadersBuildPhase section */
		D2AAC043055464E500DB518D /* Headers */ = {
			isa = PBXHeadersBuildPhase;
			buildActionMask = 2147483647;
			files = (
				DE6B3CF90F98F7EE00C17BCE /* cmdefs.h in Headers */,
				DE6B3CFB0F98F7EE00C17BCE /* oopaccesstag.h in Headers */,
				DE6B3CFD0F98F7EE00C17BCE /* oopaccesstaglist.h in Headers */,
				DE6B3CFF0F98F7EE00C17BCE /* oopaccesstagmultiset.h in Headers */,
				DE6B3D010F98F7EE00C17BCE /* oopcommmanager.h in Headers */,
				DE6B3D030F98F7EE00C17BCE /* oopdatamanager.h in Headers */,
				DE6B3D050F98F7EE00C17BCE /* oopdataversion.h in Headers */,
				DE6B3D070F98F7EE00C17BCE /* oopdelobjecttask.h in Headers */,
				DE6B3D090F98F7EE00C17BCE /* oopdmlock.h in Headers */,
				DE6B3D0B0F98F7EE00C17BCE /* OOPDouble.h in Headers */,
				DE6B3D0D0F98F7EE00C17BCE /* oopevtid.h in Headers */,
				DE6B3D0F0F98F7EE00C17BCE /* oopevtmanager.h in Headers */,
				DE6B3D110F98F7EE00C17BCE /* OOPInt.h in Headers */,
				DE6B3D130F98F7EE00C17BCE /* oopmetadata.h in Headers */,
				DE6B3D150F98F7EE00C17BCE /* oopmpicomm.h in Headers */,
				DE6B3D170F98F7EE00C17BCE /* oopmpistorage.h in Headers */,
				DE6B3D190F98F7EE00C17BCE /* oopobjectid.h in Headers */,
				DE6B3D1B0F98F7EE00C17BCE /* ooppardefs.h in Headers */,
				DE6B3D1D0F98F7EE00C17BCE /* oopsnapshottask.h in Headers */,
				DE6B3D1F0F98F7EE00C17BCE /* oopsocket.h in Headers */,
				DE6B3D210F98F7EE00C17BCE /* oopsocketcommmanager.h in Headers */,
				DE6B3D230F98F7EE00C17BCE /* oopsocketstorage.h in Headers */,
				DE6B3D250F98F7EE00C17BCE /* oopstorage.h in Headers */,
				DE6B3D270F98F7EE00C17BCE /* ooptask.h in Headers */,
				DE6B3D290F98F7EE00C17BCE /* ooptaskcontrol.h in Headers */,
				DE6B3D2B0F98F7EE00C17BCE /* ooptaskmanager.h in Headers */,
				DE6B3D2D0F98F7EE00C17BCE /* ooptmlock.h in Headers */,
				DE6B3D2F0F98F7EE00C17BCE /* OOPVector.h in Headers */,
				DE6B3D310F98F7EE00C17BCE /* oopwaittask.h in Headers */,
			);
			runOnlyForDeploymentPostprocessing = 0;
		};
/* End PBXHeadersBuildPhase section */

/* Begin PBXNativeTarget section */
		D2AAC045055464E500DB518D /* OOParXProject */ = {
			isa = PBXNativeTarget;
			buildConfigurationList = 1DEB91EB08733DB70010E9CD /* Build configuration list for PBXNativeTarget "OOParXProject" */;
			buildPhases = (
				D2AAC043055464E500DB518D /* Headers */,
				D2AAC044055464E500DB518D /* Sources */,
				D289987405E68DCB004EDB86 /* Frameworks */,
			);
			buildRules = (
			);
			dependencies = (
			);
			name = OOParXProject;
			productName = OOParXProject;
			productReference = D2AAC046055464E500DB518D /* libOOParXProject.a */;
			productType = "com.apple.product-type.library.static";
		};
/* End PBXNativeTarget section */

/* Begin PBXProject section */
		08FB7793FE84155DC02AAC07 /* Project object */ = {
			isa = PBXProject;
			buildConfigurationList = 1DEB91EF08733DB70010E9CD /* Build configuration list for PBXProject "OOParXProject" */;
			compatibilityVersion = "Xcode 3.1";
			hasScannedForEncodings = 1;
			mainGroup = 08FB7794FE84155DC02AAC07 /* OOParXProject */;
			projectDirPath = "";
			projectRoot = "";
			targets = (
				D2AAC045055464E500DB518D /* OOParXProject */,
			);
		};
/* End PBXProject section */

/* Begin PBXSourcesBuildPhase section */
		D2AAC044055464E500DB518D /* Sources */ = {
			isa = PBXSourcesBuildPhase;
			buildActionMask = 2147483647;
			files = (
				DE6B3CFA0F98F7EE00C17BCE /* oopaccesstag.cpp in Sources */,
				DE6B3CFC0F98F7EE00C17BCE /* oopaccesstaglist.cpp in Sources */,
				DE6B3CFE0F98F7EE00C17BCE /* oopaccesstagmultiset.cpp in Sources */,
				DE6B3D000F98F7EE00C17BCE /* oopcommmanager.cpp in Sources */,
				DE6B3D020F98F7EE00C17BCE /* oopdatamanager.cpp in Sources */,
				DE6B3D040F98F7EE00C17BCE /* oopdataversion.cpp in Sources */,
				DE6B3D060F98F7EE00C17BCE /* oopdelobjecttask.cpp in Sources */,
				DE6B3D080F98F7EE00C17BCE /* oopdmlock.cpp in Sources */,
				DE6B3D0A0F98F7EE00C17BCE /* OOPDouble.cpp in Sources */,
				DE6B3D0C0F98F7EE00C17BCE /* oopevtid.cpp in Sources */,
				DE6B3D0E0F98F7EE00C17BCE /* oopevtmanager.cpp in Sources */,
				DE6B3D100F98F7EE00C17BCE /* OOPInt.cpp in Sources */,
				DE6B3D120F98F7EE00C17BCE /* oopmetadata.cpp in Sources */,
				DE6B3D140F98F7EE00C17BCE /* oopmpicomm.cpp in Sources */,
				DE6B3D160F98F7EE00C17BCE /* oopmpistorage.cpp in Sources */,
				DE6B3D180F98F7EE00C17BCE /* oopobjectid.cpp in Sources */,
				DE6B3D1A0F98F7EE00C17BCE /* ooppardefs.cpp in Sources */,
				DE6B3D1C0F98F7EE00C17BCE /* oopsnapshottask.cpp in Sources */,
				DE6B3D1E0F98F7EE00C17BCE /* oopsocket.cpp in Sources */,
				DE6B3D200F98F7EE00C17BCE /* oopsocketcommmanager.cpp in Sources */,
				DE6B3D220F98F7EE00C17BCE /* oopsocketstorage.cpp in Sources */,
				DE6B3D240F98F7EE00C17BCE /* oopstorage.cpp in Sources */,
				DE6B3D260F98F7EE00C17BCE /* ooptask.cpp in Sources */,
				DE6B3D280F98F7EE00C17BCE /* ooptaskcontrol.cpp in Sources */,
				DE6B3D2A0F98F7EE00C17BCE /* ooptaskmanager.cpp in Sources */,
				DE6B3D2C0F98F7EE00C17BCE /* ooptmlock.cpp in Sources */,
				DE6B3D2E0F98F7EE00C17BCE /* OOPVector.cpp in Sources */,
				DE6B3D300F98F7EE00C17BCE /* oopwaittask.cpp in Sources */,
			);
			runOnlyForDeploymentPostprocessing = 0;
		};
/* End PBXSourcesBuildPhase section */

/* Begin XCBuildConfiguration section */
		1DEB91EC08733DB70010E9CD /* Debug */ = {
			isa = XCBuildConfiguration;
			buildSettings = {
				ALWAYS_SEARCH_USER_PATHS = NO;
				COPY_PHASE_STRIP = NO;
				GCC_DYNAMIC_NO_PIC = NO;
				GCC_ENABLE_FIX_AND_CONTINUE = YES;
				GCC_MODEL_TUNING = G5;
				GCC_OPTIMIZATION_LEVEL = 0;
				INSTALL_PATH = /usr/local/lib;
				PRODUCT_NAME = OOParXProject;
			};
			name = Debug;
		};
		1DEB91ED08733DB70010E9CD /* Release */ = {
			isa = XCBuildConfiguration;
			buildSettings = {
				ALWAYS_SEARCH_USER_PATHS = NO;
				DEBUG_INFORMATION_FORMAT = "dwarf-with-dsym";
				GCC_MODEL_TUNING = G5;
				INSTALL_PATH = /usr/local/lib;
				PRODUCT_NAME = OOParXProject;
			};
			name = Release;
		};
		1DEB91F008733DB70010E9CD /* Debug */ = {
			isa = XCBuildConfiguration;
			buildSettings = {
				ARCHS = "$(ARCHS_STANDARD_32_BIT)";
				GCC_C_LANGUAGE_STANDARD = c99;
				GCC_OPTIMIZATION_LEVEL = 0;
				GCC_WARN_ABOUT_RETURN_TYPE = YES;
				GCC_WARN_UNUSED_VARIABLE = YES;
				ONLY_ACTIVE_ARCH = YES;
				PREBINDING = NO;
				SDKROOT = macosx10.5;
			};
			name = Debug;
		};
		1DEB91F108733DB70010E9CD /* Release */ = {
			isa = XCBuildConfiguration;
			buildSettings = {
				ARCHS = "$(ARCHS_STANDARD_32_BIT)";
				GCC_C_LANGUAGE_STANDARD = c99;
				GCC_WARN_ABOUT_RETURN_TYPE = YES;
				GCC_WARN_UNUSED_VARIABLE = YES;
				PREBINDING = NO;
				SDKROOT = macosx10.5;
			};
			name = Release;
		};
/* End XCBuildConfiguration section */

/* Begin XCConfigurationList section */
		1DEB91EB08733DB70010E9CD /* Build configuration list for PBXNativeTarget "OOParXProject" */ = {
			isa = XCConfigurationList;
			buildConfigurations = (
				1DEB91EC08733DB70010E9CD /* Debug */,
				1DEB91ED08733DB70010E9CD /* Release */,
			);
			defaultConfigurationIsVisible = 0;
			defaultConfigurationName = Release;
		};
		1DEB91EF08733DB70010E9CD /* Build configuration list for PBXProject "OOParXProject" */ = {
			isa = XCConfigurationList;
			buildConfigurations = (
				1DEB91F008733DB70010E9CD /* Debug */,
				1DEB91F108733DB70010E9CD /* Release */,
			);
			defaultConfigurationIsVisible = 0;
			defaultConfigurationName = Release;
		};
/* End XCConfigurationList section */
	};
	rootObject = 08FB7793FE84155DC02AAC07 /* Project object */;
}
